
Microsoft Visual Studio Solution File, Format Version 12.00
# Visual Studio Version 17
VisualStudioVersion = 17.5.33502.453
MinimumVisualStudioVersion = 10.0.40219.1
Project("{8BC9CEB8-8B4A-11D0-8D11-00A0C91BC942}") = "fnvHashFinder", "fnvHashFinder.vcxproj", "{D8CC6EB4-AF42-48FA-8BF0-E148F382C6ED}"
EndProject
Global
	GlobalSection(SolutionConfigurationPlatforms) = preSolution
		Debug|x64 = Debug|x64
		Release|x64 = Release|x64
	EndGlobalSection
	GlobalSection(ProjectConfigurationPlatforms) = postSolution
		{D8CC6EB4-AF42-48FA-8BF0-E148F382C6ED}.Debug|x64.ActiveCfg = Debug|x64
		{D8CC6EB4-AF42-48FA-8BF0-E148F382C6ED}.Debug|x64.Build.0 = Debug|x64
		{D8CC6EB4-AF42-48FA-8BF0-E148F382C6ED}.Release|x64.ActiveCfg = Release|x64
		{D8CC6EB4-AF42-48FA-8BF0-E148F382C6ED}.Release|x64.Build.0 = Release|x64
	EndGlobalSection
	GlobalSection(SolutionProperties) = preSolution
		HideSolutionNode = FALSE
	EndGlobalSection
	GlobalSection(ExtensibilityGlobals) = postSolution
		SolutionGuid = {F69EE534-4153-4A5F-9F7B-A22C215746CB}
	EndGlobalSection
EndGlobal
